
Microsoft Visual Studio Solution File, Format Version 11.00
# Visual Studio 2010
Project("{8BC9CEB8-8B4A-11D0-8D11-00A0C91BC942}") = "Nernel", "Nernel\Nernel.vcxproj", "{E5D2B815-40D4-4B6F-A622-0F402DADAD28}"
EndProject
Global
	GlobalSection(SolutionConfigurationPlatforms) = preSolution
		Debug|Win32 = Debug|Win32
		Release|Win32 = Release|Win32
	EndGlobalSection
	GlobalSection(ProjectConfigurationPlatforms) = postSolution
		{E5D2B815-40D4-4B6F-A622-0F402DADAD28}.Debug|Win32.ActiveCfg = Debug|Win32
		{E5D2B815-40D4-4B6F-A622-0F402DADAD28}.Debug|Win32.Build.0 = Debug|Win32
		{E5D2B815-40D4-4B6F-A622-0F402DADAD28}.Release|Win32.ActiveCfg = Release|Win32
		{E5D2B815-40D4-4B6F-A622-0F402DADAD28}.Release|Win32.Build.0 = Release|Win32
	EndGlobalSection
	GlobalSection(SolutionProperties) = preSolution
		HideSolutionNode = FALSE
	EndGlobalSection
EndGlobal
