Microsoft Visual Studio Solution File, Format Version 11.00
# Visual Studio 2010
Project("{8BC9CEB8-8B4A-11D0-8D11-00A0C91BC942}") = "Nernel", "Nernel\Nernel.vcxproj", "{FACF6CC0-B659-4FD2-8BBD-A377A66CFE7C}"
	ProjectSection(ProjectDependencies) = postProject
		{8403B654-F6BF-4C0E-B521-12A6943FBBD8} = {8403B654-F6BF-4C0E-B521-12A6943FBBD8}
		{6A77A7C0-FB66-4CAA-94EE-142DBA20655D} = {6A77A7C0-FB66-4CAA-94EE-142DBA20655D}
	EndProjectSection
EndProject
Project("{FAE04EC0-301F-11D3-BF4B-00C04F79EFBC}") = "SDKInstaller", "SDKInstaller\SDKInstaller.csproj", "{EACAF3FF-83F5-445B-AC33-04C9B12465A0}"
EndProject
Project("{FAE04EC0-301F-11D3-BF4B-00C04F79EFBC}") = "Mernel", "OS\Mernel\Mernel.csproj", "{8403B654-F6BF-4C0E-B521-12A6943FBBD8}"
EndProject
Project("{FAE04EC0-301F-11D3-BF4B-00C04F79EFBC}") = "corlib", "Runtime\corlib\corlib.csproj", "{6A77A7C0-FB66-4CAA-94EE-142DBA20655D}"
EndProject
Project("{2150E333-8FDC-42A3-9474-1A3956D46DE8}") = "Runtime", "Runtime", "{DDB8EC0A-4611-499B-8462-3B0D8BA6A707}"
EndProject
Project("{2150E333-8FDC-42A3-9474-1A3956D46DE8}") = "OS", "OS", "{F6680498-FB3D-44BC-AA70-4BE22AE61DD8}"
EndProject
Project("{FAE04EC0-301F-11D3-BF4B-00C04F79EFBC}") = "Proton.IO", "OS\Proton.IO\Proton.IO.csproj", "{5708CB7A-88D3-439A-A642-822E1F27A4AB}"
EndProject
Project("{FAE04EC0-301F-11D3-BF4B-00C04F79EFBC}") = "Proton.Hardware", "OS\Proton.Hardware\Proton.Hardware.csproj", "{ED40A76A-6FC4-40A3-AFE8-8713614FEB86}"
EndProject
Global
	GlobalSection(SolutionConfigurationPlatforms) = preSolution
		Bootstrap|Any CPU = Bootstrap|Any CPU
		Bootstrap|Mixed Platforms = Bootstrap|Mixed Platforms
		Bootstrap|x86 = Bootstrap|x86
		Debug|Any CPU = Debug|Any CPU
		Debug|Mixed Platforms = Debug|Mixed Platforms
		Debug|x86 = Debug|x86
		Release|Any CPU = Release|Any CPU
		Release|Mixed Platforms = Release|Mixed Platforms
		Release|x86 = Release|x86
	EndGlobalSection
	GlobalSection(ProjectConfigurationPlatforms) = postSolution
		{FACF6CC0-B659-4FD2-8BBD-A377A66CFE7C}.Bootstrap|Any CPU.ActiveCfg = Release|Win32
		{FACF6CC0-B659-4FD2-8BBD-A377A66CFE7C}.Bootstrap|Mixed Platforms.ActiveCfg = Release|Win32
		{FACF6CC0-B659-4FD2-8BBD-A377A66CFE7C}.Bootstrap|Mixed Platforms.Build.0 = Release|Win32
		{FACF6CC0-B659-4FD2-8BBD-A377A66CFE7C}.Bootstrap|x86.ActiveCfg = Release|Win32
		{FACF6CC0-B659-4FD2-8BBD-A377A66CFE7C}.Debug|Any CPU.ActiveCfg = Debug|Win32
		{FACF6CC0-B659-4FD2-8BBD-A377A66CFE7C}.Debug|Mixed Platforms.ActiveCfg = Debug|Win32
		{FACF6CC0-B659-4FD2-8BBD-A377A66CFE7C}.Debug|Mixed Platforms.Build.0 = Debug|Win32
		{FACF6CC0-B659-4FD2-8BBD-A377A66CFE7C}.Debug|x86.ActiveCfg = Debug|Win32
		{FACF6CC0-B659-4FD2-8BBD-A377A66CFE7C}.Debug|x86.Build.0 = Debug|Win32
		{FACF6CC0-B659-4FD2-8BBD-A377A66CFE7C}.Release|Any CPU.ActiveCfg = Release|Win32
		{FACF6CC0-B659-4FD2-8BBD-A377A66CFE7C}.Release|Mixed Platforms.ActiveCfg = Release|Win32
		{FACF6CC0-B659-4FD2-8BBD-A377A66CFE7C}.Release|Mixed Platforms.Build.0 = Release|Win32
		{FACF6CC0-B659-4FD2-8BBD-A377A66CFE7C}.Release|x86.ActiveCfg = Release|Win32
		{FACF6CC0-B659-4FD2-8BBD-A377A66CFE7C}.Release|x86.Build.0 = Release|Win32
		{EACAF3FF-83F5-445B-AC33-04C9B12465A0}.Bootstrap|Any CPU.ActiveCfg = Release|Any CPU
		{EACAF3FF-83F5-445B-AC33-04C9B12465A0}.Bootstrap|Any CPU.Build.0 = Release|Any CPU
		{EACAF3FF-83F5-445B-AC33-04C9B12465A0}.Bootstrap|Mixed Platforms.ActiveCfg = Release|Any CPU
		{EACAF3FF-83F5-445B-AC33-04C9B12465A0}.Bootstrap|Mixed Platforms.Build.0 = Release|Any CPU
		{EACAF3FF-83F5-445B-AC33-04C9B12465A0}.Bootstrap|x86.ActiveCfg = Release|Any CPU
		{EACAF3FF-83F5-445B-AC33-04C9B12465A0}.Bootstrap|x86.Build.0 = Release|Any CPU
		{EACAF3FF-83F5-445B-AC33-04C9B12465A0}.Debug|Any CPU.ActiveCfg = Debug|Any CPU
		{EACAF3FF-83F5-445B-AC33-04C9B12465A0}.Debug|Any CPU.Build.0 = Debug|Any CPU
		{EACAF3FF-83F5-445B-AC33-04C9B12465A0}.Debug|Mixed Platforms.ActiveCfg = Debug|Any CPU
		{EACAF3FF-83F5-445B-AC33-04C9B12465A0}.Debug|Mixed Platforms.Build.0 = Debug|Any CPU
		{EACAF3FF-83F5-445B-AC33-04C9B12465A0}.Debug|x86.ActiveCfg = Debug|Any CPU
		{EACAF3FF-83F5-445B-AC33-04C9B12465A0}.Release|Any CPU.ActiveCfg = Release|Any CPU
		{EACAF3FF-83F5-445B-AC33-04C9B12465A0}.Release|Any CPU.Build.0 = Release|Any CPU
		{EACAF3FF-83F5-445B-AC33-04C9B12465A0}.Release|Mixed Platforms.ActiveCfg = Release|Any CPU
		{EACAF3FF-83F5-445B-AC33-04C9B12465A0}.Release|Mixed Platforms.Build.0 = Release|Any CPU
		{EACAF3FF-83F5-445B-AC33-04C9B12465A0}.Release|x86.ActiveCfg = Release|Any CPU
		{8403B654-F6BF-4C0E-B521-12A6943FBBD8}.Bootstrap|Any CPU.ActiveCfg = Release|x86
		{8403B654-F6BF-4C0E-B521-12A6943FBBD8}.Bootstrap|Mixed Platforms.ActiveCfg = Release|x86
		{8403B654-F6BF-4C0E-B521-12A6943FBBD8}.Bootstrap|Mixed Platforms.Build.0 = Release|x86
		{8403B654-F6BF-4C0E-B521-12A6943FBBD8}.Bootstrap|x86.ActiveCfg = Release|x86
		{8403B654-F6BF-4C0E-B521-12A6943FBBD8}.Debug|Any CPU.ActiveCfg = Debug|x86
		{8403B654-F6BF-4C0E-B521-12A6943FBBD8}.Debug|Mixed Platforms.ActiveCfg = Debug|x86
		{8403B654-F6BF-4C0E-B521-12A6943FBBD8}.Debug|Mixed Platforms.Build.0 = Debug|x86
		{8403B654-F6BF-4C0E-B521-12A6943FBBD8}.Debug|x86.ActiveCfg = Debug|x86
		{8403B654-F6BF-4C0E-B521-12A6943FBBD8}.Debug|x86.Build.0 = Debug|x86
		{8403B654-F6BF-4C0E-B521-12A6943FBBD8}.Release|Any CPU.ActiveCfg = Release|x86
		{8403B654-F6BF-4C0E-B521-12A6943FBBD8}.Release|Mixed Platforms.ActiveCfg = Release|x86
		{8403B654-F6BF-4C0E-B521-12A6943FBBD8}.Release|Mixed Platforms.Build.0 = Release|x86
		{8403B654-F6BF-4C0E-B521-12A6943FBBD8}.Release|x86.ActiveCfg = Release|x86
		{8403B654-F6BF-4C0E-B521-12A6943FBBD8}.Release|x86.Build.0 = Release|x86
		{6A77A7C0-FB66-4CAA-94EE-142DBA20655D}.Bootstrap|Any CPU.ActiveCfg = Release|Any CPU
		{6A77A7C0-FB66-4CAA-94EE-142DBA20655D}.Bootstrap|Any CPU.Build.0 = Release|Any CPU
		{6A77A7C0-FB66-4CAA-94EE-142DBA20655D}.Bootstrap|Mixed Platforms.ActiveCfg = Release|Any CPU
		{6A77A7C0-FB66-4CAA-94EE-142DBA20655D}.Bootstrap|Mixed Platforms.Build.0 = Release|Any CPU
		{6A77A7C0-FB66-4CAA-94EE-142DBA20655D}.Bootstrap|x86.ActiveCfg = Release|Any CPU
		{6A77A7C0-FB66-4CAA-94EE-142DBA20655D}.Debug|Any CPU.ActiveCfg = Debug|Any CPU
		{6A77A7C0-FB66-4CAA-94EE-142DBA20655D}.Debug|Any CPU.Build.0 = Debug|Any CPU
		{6A77A7C0-FB66-4CAA-94EE-142DBA20655D}.Debug|Mixed Platforms.ActiveCfg = Debug|Any CPU
		{6A77A7C0-FB66-4CAA-94EE-142DBA20655D}.Debug|Mixed Platforms.Build.0 = Debug|Any CPU
		{6A77A7C0-FB66-4CAA-94EE-142DBA20655D}.Debug|x86.ActiveCfg = Debug|Any CPU
		{6A77A7C0-FB66-4CAA-94EE-142DBA20655D}.Debug|x86.Build.0 = Debug|Any CPU
		{6A77A7C0-FB66-4CAA-94EE-142DBA20655D}.Release|Any CPU.ActiveCfg = Release|Any CPU
		{6A77A7C0-FB66-4CAA-94EE-142DBA20655D}.Release|Any CPU.Build.0 = Release|Any CPU
		{6A77A7C0-FB66-4CAA-94EE-142DBA20655D}.Release|Mixed Platforms.ActiveCfg = Release|Any CPU
		{6A77A7C0-FB66-4CAA-94EE-142DBA20655D}.Release|Mixed Platforms.Build.0 = Release|Any CPU
		{6A77A7C0-FB66-4CAA-94EE-142DBA20655D}.Release|x86.ActiveCfg = Release|Any CPU
		{6A77A7C0-FB66-4CAA-94EE-142DBA20655D}.Release|x86.Build.0 = Release|Any CPU
		{5708CB7A-88D3-439A-A642-822E1F27A4AB}.Bootstrap|Any CPU.ActiveCfg = Release|Any CPU
		{5708CB7A-88D3-439A-A642-822E1F27A4AB}.Bootstrap|Any CPU.Build.0 = Release|Any CPU
		{5708CB7A-88D3-439A-A642-822E1F27A4AB}.Bootstrap|Mixed Platforms.ActiveCfg = Release|Any CPU
		{5708CB7A-88D3-439A-A642-822E1F27A4AB}.Bootstrap|Mixed Platforms.Build.0 = Release|Any CPU
		{5708CB7A-88D3-439A-A642-822E1F27A4AB}.Bootstrap|x86.ActiveCfg = Release|Any CPU
		{5708CB7A-88D3-439A-A642-822E1F27A4AB}.Debug|Any CPU.ActiveCfg = Debug|Any CPU
		{5708CB7A-88D3-439A-A642-822E1F27A4AB}.Debug|Any CPU.Build.0 = Debug|Any CPU
		{5708CB7A-88D3-439A-A642-822E1F27A4AB}.Debug|Mixed Platforms.ActiveCfg = Debug|Any CPU
		{5708CB7A-88D3-439A-A642-822E1F27A4AB}.Debug|Mixed Platforms.Build.0 = Debug|Any CPU
		{5708CB7A-88D3-439A-A642-822E1F27A4AB}.Debug|x86.ActiveCfg = Debug|Any CPU
		{5708CB7A-88D3-439A-A642-822E1F27A4AB}.Release|Any CPU.ActiveCfg = Release|Any CPU
		{5708CB7A-88D3-439A-A642-822E1F27A4AB}.Release|Any CPU.Build.0 = Release|Any CPU
		{5708CB7A-88D3-439A-A642-822E1F27A4AB}.Release|Mixed Platforms.ActiveCfg = Release|Any CPU
		{5708CB7A-88D3-439A-A642-822E1F27A4AB}.Release|Mixed Platforms.Build.0 = Release|Any CPU
		{5708CB7A-88D3-439A-A642-822E1F27A4AB}.Release|x86.ActiveCfg = Release|Any CPU
		{ED40A76A-6FC4-40A3-AFE8-8713614FEB86}.Bootstrap|Any CPU.ActiveCfg = Release|Any CPU
		{ED40A76A-6FC4-40A3-AFE8-8713614FEB86}.Bootstrap|Any CPU.Build.0 = Release|Any CPU
		{ED40A76A-6FC4-40A3-AFE8-8713614FEB86}.Bootstrap|Mixed Platforms.ActiveCfg = Release|Any CPU
		{ED40A76A-6FC4-40A3-AFE8-8713614FEB86}.Bootstrap|Mixed Platforms.Build.0 = Release|Any CPU
		{ED40A76A-6FC4-40A3-AFE8-8713614FEB86}.Bootstrap|x86.ActiveCfg = Release|Any CPU
		{ED40A76A-6FC4-40A3-AFE8-8713614FEB86}.Debug|Any CPU.ActiveCfg = Debug|Any CPU
		{ED40A76A-6FC4-40A3-AFE8-8713614FEB86}.Debug|Any CPU.Build.0 = Debug|Any CPU
		{ED40A76A-6FC4-40A3-AFE8-8713614FEB86}.Debug|Mixed Platforms.ActiveCfg = Debug|Any CPU
		{ED40A76A-6FC4-40A3-AFE8-8713614FEB86}.Debug|Mixed Platforms.Build.0 = Debug|Any CPU
		{ED40A76A-6FC4-40A3-AFE8-8713614FEB86}.Debug|x86.ActiveCfg = Debug|Any CPU
		{ED40A76A-6FC4-40A3-AFE8-8713614FEB86}.Release|Any CPU.ActiveCfg = Release|Any CPU
		{ED40A76A-6FC4-40A3-AFE8-8713614FEB86}.Release|Any CPU.Build.0 = Release|Any CPU
		{ED40A76A-6FC4-40A3-AFE8-8713614FEB86}.Release|Mixed Platforms.ActiveCfg = Release|Any CPU
		{ED40A76A-6FC4-40A3-AFE8-8713614FEB86}.Release|Mixed Platforms.Build.0 = Release|Any CPU
		{ED40A76A-6FC4-40A3-AFE8-8713614FEB86}.Release|x86.ActiveCfg = Release|Any CPU
	EndGlobalSection
	GlobalSection(SolutionProperties) = preSolution
		HideSolutionNode = FALSE
	EndGlobalSection
	GlobalSection(NestedProjects) = preSolution
		{8403B654-F6BF-4C0E-B521-12A6943FBBD8} = {F6680498-FB3D-44BC-AA70-4BE22AE61DD8}
		{5708CB7A-88D3-439A-A642-822E1F27A4AB} = {F6680498-FB3D-44BC-AA70-4BE22AE61DD8}
		{ED40A76A-6FC4-40A3-AFE8-8713614FEB86} = {F6680498-FB3D-44BC-AA70-4BE22AE61DD8}
		{6A77A7C0-FB66-4CAA-94EE-142DBA20655D} = {DDB8EC0A-4611-499B-8462-3B0D8BA6A707}
	EndGlobalSection
EndGlobal
