<?xml version="1.0" encoding="utf-8"?>
<Project ToolsVersion="4.0" xmlns="http://schemas.microsoft.com/developer/msbuild/2003">
  <ItemGroup>
    <Filter Include="Source Files">
      <UniqueIdentifier>{4FC737F1-C7A5-4376-A066-2A32D752A2FF}</UniqueIdentifier>
      <Extensions>cpp;c;cc;cxx;def;odl;idl;hpj;bat;asm;asmx</Extensions>
    </Filter>
    <Filter Include="Header Files">
      <UniqueIdentifier>{93995380-89BD-4b04-88EB-625FBE52EBFB}</UniqueIdentifier>
      <Extensions>h;hpp;hxx;hm;inl;inc;xsd</Extensions>
    </Filter>
  </ItemGroup>
  <ItemGroup>
    <None Include="Source\Kernel.ld" />
    <None Include="Source\Core\Boot.asm">
      <Filter>Source Files</Filter>
    </None>
    <None Include="Makefile.omake" />
    <None Include="Source\Core\GDTUpdate.asm">
      <Filter>Source Files</Filter>
    </None>
    <None Include="Source\Core\IDTUpdate.asm">
      <Filter>Source Files</Filter>
    </None>
    <None Include="Source\Core\IDTStubs.asm">
      <Filter>Source Files</Filter>
    </None>
    <None Include="Source\VM\CLR\Bugs.txt" />
  </ItemGroup>
  <ItemGroup>
    <Library Include="Source\Core.lib" />
  </ItemGroup>
  <ItemGroup>
    <ClCompile Include="Source\Kernel.cpp">
      <Filter>Source Files</Filter>
    </ClCompile>
    <ClCompile Include="Source\Core\MultiBoot.cpp">
      <Filter>Source Files</Filter>
    </ClCompile>
    <ClCompile Include="Source\Core\SystemCalls.cpp">
      <Filter>Source Files</Filter>
    </ClCompile>
    <ClCompile Include="Source\Core\COMPortLogger.cpp">
      <Filter>Source Files</Filter>
    </ClCompile>
    <ClCompile Include="Source\Core\DLMalloc.cpp">
      <Filter>Source Files</Filter>
    </ClCompile>
    <ClCompile Include="Source\Core\DeviceManager.cpp">
      <Filter>Source Files</Filter>
    </ClCompile>
    <ClCompile Include="Source\Core\Device.cpp">
      <Filter>Source Files</Filter>
    </ClCompile>
    <ClCompile Include="Source\Core\FileSystemManager.cpp">
      <Filter>Source Files</Filter>
    </ClCompile>
    <ClCompile Include="Source\Core\GDT.cpp">
      <Filter>Source Files</Filter>
    </ClCompile>
    <ClCompile Include="Source\Core\IDT.cpp">
      <Filter>Source Files</Filter>
    </ClCompile>
    <ClCompile Include="Source\Core\Driver\Console.cpp">
      <Filter>Source Files</Filter>
    </ClCompile>
    <ClCompile Include="Source\Driver\PIC8259A.cpp">
      <Filter>Source Files</Filter>
    </ClCompile>
    <ClCompile Include="Source\Driver\PIT8254.cpp">
      <Filter>Source Files</Filter>
    </ClCompile>
    <ClCompile Include="Source\Driver\RTC146818A.cpp">
      <Filter>Source Files</Filter>
    </ClCompile>
    <ClCompile Include="Source\Core\SystemClock.cpp">
      <Filter>Source Files</Filter>
    </ClCompile>
    <ClCompile Include="Source\VM\CLR\Thread.c">
      <Filter>Source Files</Filter>
    </ClCompile>
    <ClCompile Include="Source\VM\CLR\CLIFile.c">
      <Filter>Source Files</Filter>
    </ClCompile>
    <ClCompile Include="Source\VM\CLR\Delegate.c">
      <Filter>Source Files</Filter>
    </ClCompile>
    <ClCompile Include="Source\VM\CLR\Finalizer.c">
      <Filter>Source Files</Filter>
    </ClCompile>
    <ClCompile Include="Source\VM\CLR\Generics.c">
      <Filter>Source Files</Filter>
    </ClCompile>
    <ClCompile Include="Source\VM\CLR\Heap.c">
      <Filter>Source Files</Filter>
    </ClCompile>
    <ClCompile Include="Source\VM\CLR\InternalCall.c">
      <Filter>Source Files</Filter>
    </ClCompile>
    <ClCompile Include="Source\VM\CLR\JIT.c">
      <Filter>Source Files</Filter>
    </ClCompile>
    <ClCompile Include="Source\VM\CLR\JIT_Execute.c">
      <Filter>Source Files</Filter>
    </ClCompile>
    <ClCompile Include="Source\VM\CLR\MetaData.c">
      <Filter>Source Files</Filter>
    </ClCompile>
    <ClCompile Include="Source\VM\CLR\MetaData_Fill.c">
      <Filter>Source Files</Filter>
    </ClCompile>
    <ClCompile Include="Source\VM\CLR\MetaData_Search.c">
      <Filter>Source Files</Filter>
    </ClCompile>
    <ClCompile Include="Source\VM\CLR\MethodState.c">
      <Filter>Source Files</Filter>
    </ClCompile>
    <ClCompile Include="Source\VM\CLR\PInvoke.c">
      <Filter>Source Files</Filter>
    </ClCompile>
    <ClCompile Include="Source\VM\CLR\RVA.c">
      <Filter>Source Files</Filter>
    </ClCompile>
    <ClCompile Include="Source\VM\CLR\Sys.c">
      <Filter>Source Files</Filter>
    </ClCompile>
    <ClCompile Include="Source\VM\CLR\System.Array.c">
      <Filter>Source Files</Filter>
    </ClCompile>
    <ClCompile Include="Source\VM\CLR\System.Char.c">
      <Filter>Source Files</Filter>
    </ClCompile>
    <ClCompile Include="Source\VM\CLR\System.Console.c">
      <Filter>Source Files</Filter>
    </ClCompile>
    <ClCompile Include="Source\VM\CLR\System.DateTime.c">
      <Filter>Source Files</Filter>
    </ClCompile>
    <ClCompile Include="Source\VM\CLR\System.Diagnostics.Debugger.c">
      <Filter>Source Files</Filter>
    </ClCompile>
    <ClCompile Include="Source\VM\CLR\System.Enum.c">
      <Filter>Source Files</Filter>
    </ClCompile>
    <ClCompile Include="Source\VM\CLR\System.Environment.c">
      <Filter>Source Files</Filter>
    </ClCompile>
    <ClCompile Include="Source\VM\CLR\System.GC.c">
      <Filter>Source Files</Filter>
    </ClCompile>
    <ClCompile Include="Source\VM\CLR\System.IO.FileInternal.c">
      <Filter>Source Files</Filter>
    </ClCompile>
    <ClCompile Include="Source\VM\CLR\System.Math.c">
      <Filter>Source Files</Filter>
    </ClCompile>
    <ClCompile Include="Source\VM\CLR\System.Object.c">
      <Filter>Source Files</Filter>
    </ClCompile>
    <ClCompile Include="Source\VM\CLR\System.Runtime.CompilerServices.RuntimeHelpers.c">
      <Filter>Source Files</Filter>
    </ClCompile>
    <ClCompile Include="Source\VM\CLR\System.RuntimeType.c">
      <Filter>Source Files</Filter>
    </ClCompile>
    <ClCompile Include="Source\VM\CLR\System.String.c">
      <Filter>Source Files</Filter>
    </ClCompile>
    <ClCompile Include="Source\VM\CLR\System.Threading.Interlocked.c">
      <Filter>Source Files</Filter>
    </ClCompile>
    <ClCompile Include="Source\VM\CLR\System.Threading.Monitor.c">
      <Filter>Source Files</Filter>
    </ClCompile>
    <ClCompile Include="Source\VM\CLR\System.Threading.Thread.c">
      <Filter>Source Files</Filter>
    </ClCompile>
    <ClCompile Include="Source\VM\CLR\System.Type.c">
      <Filter>Source Files</Filter>
    </ClCompile>
    <ClCompile Include="Source\VM\CLR\System.ValueType.c">
      <Filter>Source Files</Filter>
    </ClCompile>
    <ClCompile Include="Source\VM\CLR\System.WeakReference.c">
      <Filter>Source Files</Filter>
    </ClCompile>
    <ClCompile Include="Source\VM\CLR\Type.c">
      <Filter>Source Files</Filter>
    </ClCompile>
  </ItemGroup>
  <ItemGroup>
    <ClInclude Include="Include\PortIO.h">
      <Filter>Header Files</Filter>
    </ClInclude>
    <ClInclude Include="Include\Kernel.h">
      <Filter>Header Files</Filter>
    </ClInclude>
    <ClInclude Include="Include\Core\MultiBoot.h">
      <Filter>Header Files</Filter>
    </ClInclude>
    <ClInclude Include="Include\Core\COMPortLogger.h">
      <Filter>Header Files</Filter>
    </ClInclude>
    <ClInclude Include="Include\Core\DeviceManager.h">
      <Filter>Header Files</Filter>
    </ClInclude>
    <ClInclude Include="Include\Core\Device.h">
      <Filter>Header Files</Filter>
    </ClInclude>
    <ClInclude Include="Include\Core\Config.h">
      <Filter>Header Files</Filter>
    </ClInclude>
    <ClInclude Include="Include\Core\FileSystemManager.h">
      <Filter>Header Files</Filter>
    </ClInclude>
    <ClInclude Include="Include\Core\FileSystem.h">
      <Filter>Header Files</Filter>
    </ClInclude>
    <ClInclude Include="Include\Core\FileDescriptor.h">
      <Filter>Header Files</Filter>
    </ClInclude>
    <ClInclude Include="Include\Core\GDT.h">
      <Filter>Header Files</Filter>
    </ClInclude>
    <ClInclude Include="Include\Core\IDT.h">
      <Filter>Header Files</Filter>
    </ClInclude>
    <ClInclude Include="Include\Core\IDTExternalStubs.h">
      <Filter>Header Files</Filter>
    </ClInclude>
    <ClInclude Include="Include\Core\IDTInitializeStubs.h">
      <Filter>Header Files</Filter>
    </ClInclude>
    <ClInclude Include="Include\Core\Driver\PIC.h">
      <Filter>Header Files</Filter>
    </ClInclude>
    <ClInclude Include="Include\Core\Driver\Console.h">
      <Filter>Header Files</Filter>
    </ClInclude>
    <ClInclude Include="Include\Core\Driver\ConsoleColor.h">
      <Filter>Header Files</Filter>
    </ClInclude>
    <ClInclude Include="Include\Driver\PIC8259A.h">
      <Filter>Header Files</Filter>
    </ClInclude>
    <ClInclude Include="Include\Driver\PIT8254.h">
      <Filter>Header Files</Filter>
    </ClInclude>
    <ClInclude Include="Include\Core\Driver\PIT.h">
      <Filter>Header Files</Filter>
    </ClInclude>
    <ClInclude Include="Include\Core\InterruptHandler.h">
      <Filter>Header Files</Filter>
    </ClInclude>
    <ClInclude Include="Include\Core\InterruptRegisters.h">
      <Filter>Header Files</Filter>
    </ClInclude>
    <ClInclude Include="Include\Core\Driver\RTC.h">
      <Filter>Header Files</Filter>
    </ClInclude>
    <ClInclude Include="Include\Driver\RTC146818A.h">
      <Filter>Header Files</Filter>
    </ClInclude>
    <ClInclude Include="Include\Core\SystemClock.h">
      <Filter>Header Files</Filter>
    </ClInclude>
    <ClInclude Include="Include\VM\CLR\CIL_OpCodes.h">
      <Filter>Header Files</Filter>
    </ClInclude>
    <ClInclude Include="Include\VM\CLR\Types.h">
      <Filter>Header Files</Filter>
    </ClInclude>
    <ClInclude Include="Include\VM\CLR\CLIFile.h">
      <Filter>Header Files</Filter>
    </ClInclude>
    <ClInclude Include="Include\VM\CLR\Compat.h">
      <Filter>Header Files</Filter>
    </ClInclude>
    <ClInclude Include="Include\VM\CLR\Config.h">
      <Filter>Header Files</Filter>
    </ClInclude>
    <ClInclude Include="Include\VM\CLR\Delegate.h">
      <Filter>Header Files</Filter>
    </ClInclude>
    <ClInclude Include="Include\VM\CLR\EvalStack.h">
      <Filter>Header Files</Filter>
    </ClInclude>
    <ClInclude Include="Include\VM\CLR\Finalizer.h">
      <Filter>Header Files</Filter>
    </ClInclude>
    <ClInclude Include="Include\VM\CLR\Generics.h">
      <Filter>Header Files</Filter>
    </ClInclude>
    <ClInclude Include="Include\VM\CLR\Heap.h">
      <Filter>Header Files</Filter>
    </ClInclude>
    <ClInclude Include="Include\VM\CLR\InternalCall.h">
      <Filter>Header Files</Filter>
    </ClInclude>
    <ClInclude Include="Include\VM\CLR\JIT.h">
      <Filter>Header Files</Filter>
    </ClInclude>
    <ClInclude Include="Include\VM\CLR\JIT_OpCodes.h">
      <Filter>Header Files</Filter>
    </ClInclude>
    <ClInclude Include="Include\VM\CLR\MetaData.h">
      <Filter>Header Files</Filter>
    </ClInclude>
    <ClInclude Include="Include\VM\CLR\MetaDataTables.h">
      <Filter>Header Files</Filter>
    </ClInclude>
    <ClInclude Include="Include\VM\CLR\MethodState.h">
      <Filter>Header Files</Filter>
    </ClInclude>
    <ClInclude Include="Include\VM\CLR\PInvoke.h">
      <Filter>Header Files</Filter>
    </ClInclude>
    <ClInclude Include="Include\VM\CLR\PInvoke_CaseCode.h">
      <Filter>Header Files</Filter>
    </ClInclude>
    <ClInclude Include="Include\VM\CLR\PInvoke_TypeDef.h">
      <Filter>Header Files</Filter>
    </ClInclude>
    <ClInclude Include="Include\VM\CLR\RVA.h">
      <Filter>Header Files</Filter>
    </ClInclude>
    <ClInclude Include="Include\VM\CLR\Sys.h">
      <Filter>Header Files</Filter>
    </ClInclude>
    <ClInclude Include="Include\VM\CLR\System.Array.h">
      <Filter>Header Files</Filter>
    </ClInclude>
    <ClInclude Include="Include\VM\CLR\System.Char.CaseConversion.h">
      <Filter>Header Files</Filter>
    </ClInclude>
    <ClInclude Include="Include\VM\CLR\System.Char.h">
      <Filter>Header Files</Filter>
    </ClInclude>
    <ClInclude Include="Include\VM\CLR\System.Char.UC_IndexRuns.h">
      <Filter>Header Files</Filter>
    </ClInclude>
    <ClInclude Include="Include\VM\CLR\System.Console.h">
      <Filter>Header Files</Filter>
    </ClInclude>
    <ClInclude Include="Include\VM\CLR\System.DateTime.h">
      <Filter>Header Files</Filter>
    </ClInclude>
    <ClInclude Include="Include\VM\CLR\System.Diagnostics.Debugger.h">
      <Filter>Header Files</Filter>
    </ClInclude>
    <ClInclude Include="Include\VM\CLR\System.Enum.h">
      <Filter>Header Files</Filter>
    </ClInclude>
    <ClInclude Include="Include\VM\CLR\System.Environment.h">
      <Filter>Header Files</Filter>
    </ClInclude>
    <ClInclude Include="Include\VM\CLR\System.GC.h">
      <Filter>Header Files</Filter>
    </ClInclude>
    <ClInclude Include="Include\VM\CLR\System.IO.FileInternal.h">
      <Filter>Header Files</Filter>
    </ClInclude>
    <ClInclude Include="Include\VM\CLR\System.Math.h">
      <Filter>Header Files</Filter>
    </ClInclude>
    <ClInclude Include="Include\VM\CLR\System.Object.h">
      <Filter>Header Files</Filter>
    </ClInclude>
    <ClInclude Include="Include\VM\CLR\System.Runtime.CompilerServices.RuntimeHelpers.h">
      <Filter>Header Files</Filter>
    </ClInclude>
    <ClInclude Include="Include\VM\CLR\System.RuntimeType.h">
      <Filter>Header Files</Filter>
    </ClInclude>
    <ClInclude Include="Include\VM\CLR\System.String.h">
      <Filter>Header Files</Filter>
    </ClInclude>
    <ClInclude Include="Include\VM\CLR\System.Threading.Interlocked.h">
      <Filter>Header Files</Filter>
    </ClInclude>
    <ClInclude Include="Include\VM\CLR\System.Threading.Monitor.h">
      <Filter>Header Files</Filter>
    </ClInclude>
    <ClInclude Include="Include\VM\CLR\System.Threading.Thread.h">
      <Filter>Header Files</Filter>
    </ClInclude>
    <ClInclude Include="Include\VM\CLR\System.Type.h">
      <Filter>Header Files</Filter>
    </ClInclude>
    <ClInclude Include="Include\VM\CLR\System.ValueType.h">
      <Filter>Header Files</Filter>
    </ClInclude>
    <ClInclude Include="Include\VM\CLR\System.WeakReference.h">
      <Filter>Header Files</Filter>
    </ClInclude>
    <ClInclude Include="Include\VM\CLR\Thread.h">
      <Filter>Header Files</Filter>
    </ClInclude>
    <ClInclude Include="Include\VM\CLR\Type.h">
      <Filter>Header Files</Filter>
    </ClInclude>
  </ItemGroup>
</Project>