<?xml version="1.0" encoding="utf-8"?>
<Project ToolsVersion="4.0" xmlns="http://schemas.microsoft.com/developer/msbuild/2003">
  <ItemGroup>
    <Filter Include="Source Files">
      <UniqueIdentifier>{4FC737F1-C7A5-4376-A066-2A32D752A2FF}</UniqueIdentifier>
      <Extensions>cpp;c;cc;cxx;def;odl;idl;hpj;bat;asm;asmx</Extensions>
    </Filter>
    <Filter Include="Header Files">
      <UniqueIdentifier>{93995380-89BD-4b04-88EB-625FBE52EBFB}</UniqueIdentifier>
      <Extensions>h;hpp;hxx;hm;inl;inc;xsd</Extensions>
    </Filter>
    <Filter Include="Resource Files">
      <UniqueIdentifier>{67DA6AB6-F800-4c08-8B7A-83BB121AAD01}</UniqueIdentifier>
      <Extensions>rc;ico;cur;bmp;dlg;rc2;rct;bin;rgs;gif;jpg;jpeg;jpe;resx;tiff;tif;png;wav;mfcribbon-ms</Extensions>
    </Filter>
  </ItemGroup>
  <ItemGroup>
    <ClInclude Include="Source\Common.h">
      <Filter>Header Files</Filter>
    </ClInclude>
    <ClInclude Include="Source\IntellisenseFixes.h">
      <Filter>Header Files</Filter>
    </ClInclude>
    <ClInclude Include="Source\Inline.h">
      <Filter>Header Files</Filter>
    </ClInclude>
    <ClInclude Include="Source\Kernel\Multiboot.h">
      <Filter>Header Files</Filter>
    </ClInclude>
    <ClInclude Include="Source\Kernel\x86\PortIO.h">
      <Filter>Header Files</Filter>
    </ClInclude>
    <ClInclude Include="Source\Kernel\Process.h">
      <Filter>Header Files</Filter>
    </ClInclude>
    <ClInclude Include="Source\Kernel\Thread.h">
      <Filter>Header Files</Filter>
    </ClInclude>
    <ClInclude Include="Source\Kernel\x86\TSS.h">
      <Filter>Header Files</Filter>
    </ClInclude>
    <ClInclude Include="Source\Kernel\Processor.h">
      <Filter>Header Files</Filter>
    </ClInclude>
    <ClInclude Include="Source\Kernel\Atomics.h">
      <Filter>Header Files</Filter>
    </ClInclude>
    <ClInclude Include="Source\Kernel\Console.h">
      <Filter>Header Files</Filter>
    </ClInclude>
    <ClInclude Include="Source\Kernel\SerialPort.h">
      <Filter>Header Files</Filter>
    </ClInclude>
  </ItemGroup>
  <ItemGroup>
    <None Include="Source\Kernel\x86\Boot.asm">
      <Filter>Source Files</Filter>
    </None>
    <None Include="Source\Kernel\x86\Atomics.asm">
      <Filter>Source Files</Filter>
    </None>
    <None Include="Source\Kernel\x86\TSS.asm">
      <Filter>Source Files</Filter>
    </None>
  </ItemGroup>
  <ItemGroup>
    <ClCompile Include="Source\Main.cpp">
      <Filter>Source Files</Filter>
    </ClCompile>
    <ClCompile Include="Source\Kernel\Multiboot.cpp">
      <Filter>Source Files</Filter>
    </ClCompile>
    <ClCompile Include="Source\Kernel\Process.cpp">
      <Filter>Source Files</Filter>
    </ClCompile>
    <ClCompile Include="Source\Kernel\Thread.cpp">
      <Filter>Source Files</Filter>
    </ClCompile>
    <ClCompile Include="Source\Kernel\Processor.cpp">
      <Filter>Source Files</Filter>
    </ClCompile>
    <ClCompile Include="Source\Kernel\x86\SystemCalls.cpp">
      <Filter>Source Files</Filter>
    </ClCompile>
    <ClCompile Include="Source\Kernel\x86\Drivers\VGAConsole.cpp">
      <Filter>Source Files</Filter>
    </ClCompile>
    <ClCompile Include="Source\Kernel\x86\Drivers\SerialPortLogger.cpp">
      <Filter>Source Files</Filter>
    </ClCompile>
  </ItemGroup>
</Project>