<?xml version="1.0" encoding="utf-8"?>
<Project ToolsVersion="4.0" xmlns="http://schemas.microsoft.com/developer/msbuild/2003">
  <ItemGroup>
    <Filter Include="Source Files">
      <UniqueIdentifier>{4FC737F1-C7A5-4376-A066-2A32D752A2FF}</UniqueIdentifier>
      <Extensions>cpp;c;cc;cxx;def;odl;idl;hpj;bat;asm;asmx</Extensions>
    </Filter>
    <Filter Include="Header Files">
      <UniqueIdentifier>{93995380-89BD-4b04-88EB-625FBE52EBFB}</UniqueIdentifier>
      <Extensions>h;hpp;hxx;hm;inl;inc;xsd</Extensions>
    </Filter>
    <Filter Include="Resource Files">
      <UniqueIdentifier>{67DA6AB6-F800-4c08-8B7A-83BB121AAD01}</UniqueIdentifier>
      <Extensions>rc;ico;cur;bmp;dlg;rc2;rct;bin;rgs;gif;jpg;jpeg;jpe;resx;tiff;tif;png;wav;mfcribbon-ms</Extensions>
    </Filter>
  </ItemGroup>
  <ItemGroup>
    <ClCompile Include="System\Multiboot.c">
      <Filter>Source Files</Filter>
    </ClCompile>
    <ClCompile Include="System\Nernel.c">
      <Filter>Source Files</Filter>
    </ClCompile>
    <ClCompile Include="System\SystemCalls.c">
      <Filter>Source Files</Filter>
    </ClCompile>
    <ClCompile Include="System\Console.c">
      <Filter>Source Files</Filter>
    </ClCompile>
    <ClCompile Include="System\SystemClock.c">
      <Filter>Source Files</Filter>
    </ClCompile>
    <ClCompile Include="System\CPUID.c">
      <Filter>Source Files</Filter>
    </ClCompile>
    <ClCompile Include="System\APIC.c">
      <Filter>Source Files</Filter>
    </ClCompile>
    <ClCompile Include="System\IDT.c">
      <Filter>Source Files</Filter>
    </ClCompile>
    <ClCompile Include="System\GDT.c">
      <Filter>Source Files</Filter>
    </ClCompile>
    <ClCompile Include="System\PIC.c">
      <Filter>Source Files</Filter>
    </ClCompile>
    <ClCompile Include="System\RTC.c">
      <Filter>Source Files</Filter>
    </ClCompile>
    <ClCompile Include="System\PIT.c">
      <Filter>Source Files</Filter>
    </ClCompile>
  </ItemGroup>
  <ItemGroup>
    <ClInclude Include="System\Multiboot.h">
      <Filter>Header Files</Filter>
    </ClInclude>
    <ClInclude Include="System\Common.h">
      <Filter>Header Files</Filter>
    </ClInclude>
    <ClInclude Include="System\Console.h">
      <Filter>Header Files</Filter>
    </ClInclude>
    <ClInclude Include="System\x86\PortIO.h">
      <Filter>Header Files</Filter>
    </ClInclude>
    <ClInclude Include="System\Log.h">
      <Filter>Header Files</Filter>
    </ClInclude>
    <ClInclude Include="System\SystemClock.h">
      <Filter>Header Files</Filter>
    </ClInclude>
    <ClInclude Include="System\CPUID.h">
      <Filter>Header Files</Filter>
    </ClInclude>
    <ClInclude Include="System\APIC.h">
      <Filter>Header Files</Filter>
    </ClInclude>
    <ClInclude Include="System\MSR.h">
      <Filter>Header Files</Filter>
    </ClInclude>
    <ClInclude Include="System\PIC.h">
      <Filter>Header Files</Filter>
    </ClInclude>
    <ClInclude Include="System\IDT_ExternalStubs.h">
      <Filter>Header Files</Filter>
    </ClInclude>
    <ClInclude Include="System\IDT_InitializeStubs.h">
      <Filter>Header Files</Filter>
    </ClInclude>
    <ClInclude Include="System\IDT.h">
      <Filter>Header Files</Filter>
    </ClInclude>
    <ClInclude Include="System\GDT.h">
      <Filter>Header Files</Filter>
    </ClInclude>
    <ClInclude Include="System\RTC.h">
      <Filter>Header Files</Filter>
    </ClInclude>
    <ClInclude Include="System\PIT.h">
      <Filter>Header Files</Filter>
    </ClInclude>
  </ItemGroup>
  <ItemGroup>
    <None Include="System\x86\Boot.asm">
      <Filter>Source Files</Filter>
    </None>
    <None Include="System\x86\CPUID.asm">
      <Filter>Source Files</Filter>
    </None>
    <None Include="System\x86\PIC.asm">
      <Filter>Source Files</Filter>
    </None>
    <None Include="System\x86\APIC.asm">
      <Filter>Source Files</Filter>
    </None>
    <None Include="System\x86\GDT_Update.asm">
      <Filter>Source Files</Filter>
    </None>
    <None Include="System\x86\IDT_Stubs.asm">
      <Filter>Source Files</Filter>
    </None>
    <None Include="System\x86\IDT_Update.asm">
      <Filter>Source Files</Filter>
    </None>
    <None Include="System\x86\MSR.asm">
      <Filter>Source Files</Filter>
    </None>
  </ItemGroup>
</Project>